
Microsoft Visual Studio Solution File, Format Version 12.00
# Visual Studio Version 17
VisualStudioVersion = 17.0.32014.148
MinimumVisualStudioVersion = 10.0.40219.1
Project("{9A19103F-16F7-4668-BE54-9A1E7A4F7556}") = "WebSchool", "WebSchool\WebSchool.csproj", "{347AB83D-5243-40CB-B88E-E9780E3CD1E4}"
EndProject
Global
	GlobalSection(SolutionConfigurationPlatforms) = preSolution
		Debug|Any CPU = Debug|Any CPU
		Release|Any CPU = Release|Any CPU
	EndGlobalSection
	GlobalSection(ProjectConfigurationPlatforms) = postSolution
		{347AB83D-5243-40CB-B88E-E9780E3CD1E4}.Debug|Any CPU.ActiveCfg = Debug|Any CPU
		{347AB83D-5243-40CB-B88E-E9780E3CD1E4}.Debug|Any CPU.Build.0 = Debug|Any CPU
		{347AB83D-5243-40CB-B88E-E9780E3CD1E4}.Release|Any CPU.ActiveCfg = Release|Any CPU
		{347AB83D-5243-40CB-B88E-E9780E3CD1E4}.Release|Any CPU.Build.0 = Release|Any CPU
	EndGlobalSection
	GlobalSection(SolutionProperties) = preSolution
		HideSolutionNode = FALSE
	EndGlobalSection
	GlobalSection(ExtensibilityGlobals) = postSolution
		SolutionGuid = {1FE4BEE0-5D4A-4ADC-8A09-5B05BD4176D7}
	EndGlobalSection
EndGlobal
